<?xml version="1.0" encoding="utf-8"?>
<Project ToolsVersion="4.0" xmlns="http://schemas.microsoft.com/developer/msbuild/2003">
  <ItemGroup>
    <Filter Include="Source Files">
      <UniqueIdentifier>{d7522f1b-748f-482e-9c1c-54ca0c116855}</UniqueIdentifier>
      <Extensions>cpp;c;cxx;rc;def;r;odl;idl;hpj;bat</Extensions>
    </Filter>
    <Filter Include="Header Files">
      <UniqueIdentifier>{30287357-5a6a-46d8-81a0-a072758d2591}</UniqueIdentifier>
      <Extensions>h;hpp;hxx;hm;inl</Extensions>
    </Filter>
    <Filter Include="Resource Files">
      <UniqueIdentifier>{bddfe5e5-0f07-49dd-bd6f-8419c804f537}</UniqueIdentifier>
      <Extensions>ico;cur;bmp;dlg;rc2;rct;bin;rgs;gif;jpg;jpeg;jpe</Extensions>
    </Filter>
  </ItemGroup>
  <ItemGroup>
    <ClCompile Include="AlgBase.cpp">
      <Filter>Source Files</Filter>
    </ClCompile>
    <ClCompile Include="AlgClassify.cpp">
      <Filter>Source Files</Filter>
    </ClCompile>
    <ClCompile Include="ChakDlg.cpp">
      <Filter>Source Files</Filter>
    </ClCompile>
    <ClCompile Include="Coordinate.cpp">
      <Filter>Source Files</Filter>
    </ClCompile>
    <ClCompile Include="LeuzeSocketComm.cpp">
      <Filter>Source Files</Filter>
    </ClCompile>
    <ClCompile Include="PeizDlg.cpp">
      <Filter>Source Files</Filter>
    </ClCompile>
    <ClCompile Include="RadarCommunicationBase.cpp">
      <Filter>Source Files</Filter>
    </ClCompile>
    <ClCompile Include="RadarUI.cpp">
      <Filter>Source Files</Filter>
    </ClCompile>
    <ClCompile Include="RadarUIDlg.cpp">
      <Filter>Source Files</Filter>
    </ClCompile>
    <ClCompile Include="rs232.c">
      <Filter>Source Files</Filter>
    </ClCompile>
    <ClCompile Include="SetParseDlg.cpp">
      <Filter>Source Files</Filter>
    </ClCompile>
    <ClCompile Include="StdAfx.cpp">
      <Filter>Source Files</Filter>
    </ClCompile>
    <ClCompile Include="YTController.cpp">
      <Filter>Source Files</Filter>
    </ClCompile>
  </ItemGroup>
  <ItemGroup>
    <ResourceCompile Include="RadarUI.rc">
      <Filter>Source Files</Filter>
    </ResourceCompile>
  </ItemGroup>
  <ItemGroup>
    <ClInclude Include="AlgBase.h">
      <Filter>Header Files</Filter>
    </ClInclude>
    <ClInclude Include="AlgClassify.h">
      <Filter>Header Files</Filter>
    </ClInclude>
    <ClInclude Include="ChakDlg.h">
      <Filter>Header Files</Filter>
    </ClInclude>
    <ClInclude Include="Coordinate.h">
      <Filter>Header Files</Filter>
    </ClInclude>
    <ClInclude Include="LeuzeSocketComm.h">
      <Filter>Header Files</Filter>
    </ClInclude>
    <ClInclude Include="PeizDlg.h">
      <Filter>Header Files</Filter>
    </ClInclude>
    <ClInclude Include="RadarCommunicationBase.h">
      <Filter>Header Files</Filter>
    </ClInclude>
    <ClInclude Include="RadarUI.h">
      <Filter>Header Files</Filter>
    </ClInclude>
    <ClInclude Include="RadarUIDlg.h">
      <Filter>Header Files</Filter>
    </ClInclude>
    <ClInclude Include="Resource.h">
      <Filter>Header Files</Filter>
    </ClInclude>
    <ClInclude Include="rs232.h">
      <Filter>Header Files</Filter>
    </ClInclude>
    <ClInclude Include="SetParseDlg.h">
      <Filter>Header Files</Filter>
    </ClInclude>
    <ClInclude Include="StdAfx.h">
      <Filter>Header Files</Filter>
    </ClInclude>
    <ClInclude Include="struct.h">
      <Filter>Header Files</Filter>
    </ClInclude>
    <ClInclude Include="YTController.h">
      <Filter>Header Files</Filter>
    </ClInclude>
  </ItemGroup>
  <ItemGroup>
    <CustomBuild Include="res\012107.bmp">
      <Filter>Resource Files</Filter>
    </CustomBuild>
    <CustomBuild Include="res\RadarUI.ico">
      <Filter>Resource Files</Filter>
    </CustomBuild>
    <CustomBuild Include="res\RadarUI.rc2">
      <Filter>Resource Files</Filter>
    </CustomBuild>
    <CustomBuild Include="ReadMe.txt" />
  </ItemGroup>
  <ItemGroup>
    <None Include="Debug\LidarConfig.ini">
      <Filter>Source Files</Filter>
    </None>
  </ItemGroup>
</Project>